// !$*UTF8*$!
{
	archiveVersion = 1;
	classes = {
	};
	objectVersion = 55;
	objects = {

/* Begin PBXBuildFile section */
		50F0AC452A2DE2B000ED6497 /* MovieApp_SwiftUIApp.swift in Sources */ = {isa = PBXBuildFile; fileRef = 50F0AC442A2DE2B000ED6497 /* MovieApp_SwiftUIApp.swift */; };
		50F0AC472A2DE2B000ED6497 /* ContentView.swift in Sources */ = {isa = PBXBuildFile; fileRef = 50F0AC462A2DE2B000ED6497 /* ContentView.swift */; };
		50F0AC492A2DE2B500ED6497 /* Assets.xcassets in Resources */ = {isa = PBXBuildFile; fileRef = 50F0AC482A2DE2B500ED6497 /* Assets.xcassets */; };
		50F0AC4C2A2DE2B500ED6497 /* Preview Assets.xcassets in Resources */ = {isa = PBXBuildFile; fileRef = 50F0AC4B2A2DE2B500ED6497 /* Preview Assets.xcassets */; };
		50F0AC562A2DE2B500ED6497 /* MovieApp_SwiftUITests.swift in Sources */ = {isa = PBXBuildFile; fileRef = 50F0AC552A2DE2B500ED6497 /* MovieApp_SwiftUITests.swift */; };
		50F0AC602A2DE2B500ED6497 /* MovieApp_SwiftUIUITests.swift in Sources */ = {isa = PBXBuildFile; fileRef = 50F0AC5F2A2DE2B500ED6497 /* MovieApp_SwiftUIUITests.swift */; };
		50F0AC622A2DE2B500ED6497 /* MovieApp_SwiftUIUITestsLaunchTests.swift in Sources */ = {isa = PBXBuildFile; fileRef = 50F0AC612A2DE2B500ED6497 /* MovieApp_SwiftUIUITestsLaunchTests.swift */; };
		50F0AC6F2A2DE2E100ED6497 /* movies.json in Resources */ = {isa = PBXBuildFile; fileRef = 50F0AC6E2A2DE2E100ED6497 /* movies.json */; };
		50F0AC732A2DE30900ED6497 /* Movie.swift in Sources */ = {isa = PBXBuildFile; fileRef = 50F0AC722A2DE30900ED6497 /* Movie.swift */; };
		50F0AC752A2DE33400ED6497 /* MovieData.swift in Sources */ = {isa = PBXBuildFile; fileRef = 50F0AC742A2DE33400ED6497 /* MovieData.swift */; };
		50F0AC782A2DE39A00ED6497 /* MovieItem.swift in Sources */ = {isa = PBXBuildFile; fileRef = 50F0AC772A2DE39A00ED6497 /* MovieItem.swift */; };
		50F0AC7A2A2DE43F00ED6497 /* MovieRow.swift in Sources */ = {isa = PBXBuildFile; fileRef = 50F0AC792A2DE43F00ED6497 /* MovieRow.swift */; };
		50F0AC7C2A2DE4DA00ED6497 /* MovieDetail.swift in Sources */ = {isa = PBXBuildFile; fileRef = 50F0AC7B2A2DE4DA00ED6497 /* MovieDetail.swift */; };
		50F0AC7E2A2DE5E200ED6497 /* FeaturedMovieView.swift in Sources */ = {isa = PBXBuildFile; fileRef = 50F0AC7D2A2DE5E200ED6497 /* FeaturedMovieView.swift */; };
		50F0AC802A2DE6B800ED6497 /* HomeView.swift in Sources */ = {isa = PBXBuildFile; fileRef = 50F0AC7F2A2DE6B800ED6497 /* HomeView.swift */; };
		50F0AC832A2DE78000ED6497 /* PageViewController.swift in Sources */ = {isa = PBXBuildFile; fileRef = 50F0AC822A2DE78000ED6497 /* PageViewController.swift */; };
		50F0AC852A2DE7C800ED6497 /* PageControl.swift in Sources */ = {isa = PBXBuildFile; fileRef = 50F0AC842A2DE7C800ED6497 /* PageControl.swift */; };
		50F0AC872A2DE7F700ED6497 /* PageView.swift in Sources */ = {isa = PBXBuildFile; fileRef = 50F0AC862A2DE7F700ED6497 /* PageView.swift */; };
		50F0AC892A2DE8C400ED6497 /* TrailerView.swift in Sources */ = {isa = PBXBuildFile; fileRef = 50F0AC882A2DE8C400ED6497 /* TrailerView.swift */; };
		50F0AC8B2A2DE8EE00ED6497 /* SafariView.swift in Sources */ = {isa = PBXBuildFile; fileRef = 50F0AC8A2A2DE8EE00ED6497 /* SafariView.swift */; };
		50F0AC8F2A2DEA8F00ED6497 /* Constants.swift in Sources */ = {isa = PBXBuildFile; fileRef = 50F0AC8E2A2DEA8F00ED6497 /* Constants.swift */; };
/* End PBXBuildFile section */

/* Begin PBXContainerItemProxy section */
		50F0AC522A2DE2B500ED6497 /* PBXContainerItemProxy */ = {
			isa = PBXContainerItemProxy;
			containerPortal = 50F0AC392A2DE2B000ED6497 /* Project object */;
			proxyType = 1;
			remoteGlobalIDString = 50F0AC402A2DE2B000ED6497;
			remoteInfo = MovieApp_SwiftUI;
		};
		50F0AC5C2A2DE2B500ED6497 /* PBXContainerItemProxy */ = {
			isa = PBXContainerItemProxy;
			containerPortal = 50F0AC392A2DE2B000ED6497 /* Project object */;
			proxyType = 1;
			remoteGlobalIDString = 50F0AC402A2DE2B000ED6497;
			remoteInfo = MovieApp_SwiftUI;
		};
/* End PBXContainerItemProxy section */

/* Begin PBXFileReference section */
		50F0AC412A2DE2B000ED6497 /* MovieApp_SwiftUI.app */ = {isa = PBXFileReference; explicitFileType = wrapper.application; includeInIndex = 0; path = MovieApp_SwiftUI.app; sourceTree = BUILT_PRODUCTS_DIR; };
		50F0AC442A2DE2B000ED6497 /* MovieApp_SwiftUIApp.swift */ = {isa = PBXFileReference; lastKnownFileType = sourcecode.swift; path = MovieApp_SwiftUIApp.swift; sourceTree = "<group>"; };
		50F0AC462A2DE2B000ED6497 /* ContentView.swift */ = {isa = PBXFileReference; lastKnownFileType = sourcecode.swift; path = ContentView.swift; sourceTree = "<group>"; };
		50F0AC482A2DE2B500ED6497 /* Assets.xcassets */ = {isa = PBXFileReference; lastKnownFileType = folder.assetcatalog; path = Assets.xcassets; sourceTree = "<group>"; };
		50F0AC4B2A2DE2B500ED6497 /* Preview Assets.xcassets */ = {isa = PBXFileReference; lastKnownFileType = folder.assetcatalog; path = "Preview Assets.xcassets"; sourceTree = "<group>"; };
		50F0AC512A2DE2B500ED6497 /* MovieApp_SwiftUITests.xctest */ = {isa = PBXFileReference; explicitFileType = wrapper.cfbundle; includeInIndex = 0; path = MovieApp_SwiftUITests.xctest; sourceTree = BUILT_PRODUCTS_DIR; };
		50F0AC552A2DE2B500ED6497 /* MovieApp_SwiftUITests.swift */ = {isa = PBXFileReference; lastKnownFileType = sourcecode.swift; path = MovieApp_SwiftUITests.swift; sourceTree = "<group>"; };
		50F0AC5B2A2DE2B500ED6497 /* MovieApp_SwiftUIUITests.xctest */ = {isa = PBXFileReference; explicitFileType = wrapper.cfbundle; includeInIndex = 0; path = MovieApp_SwiftUIUITests.xctest; sourceTree = BUILT_PRODUCTS_DIR; };
		50F0AC5F2A2DE2B500ED6497 /* MovieApp_SwiftUIUITests.swift */ = {isa = PBXFileReference; lastKnownFileType = sourcecode.swift; path = MovieApp_SwiftUIUITests.swift; sourceTree = "<group>"; };
		50F0AC612A2DE2B500ED6497 /* MovieApp_SwiftUIUITestsLaunchTests.swift */ = {isa = PBXFileReference; lastKnownFileType = sourcecode.swift; path = MovieApp_SwiftUIUITestsLaunchTests.swift; sourceTree = "<group>"; };
		50F0AC6E2A2DE2E100ED6497 /* movies.json */ = {isa = PBXFileReference; fileEncoding = 4; lastKnownFileType = text.json; path = movies.json; sourceTree = "<group>"; };
		50F0AC722A2DE30900ED6497 /* Movie.swift */ = {isa = PBXFileReference; lastKnownFileType = sourcecode.swift; path = Movie.swift; sourceTree = "<group>"; };
		50F0AC742A2DE33400ED6497 /* MovieData.swift */ = {isa = PBXFileReference; lastKnownFileType = sourcecode.swift; path = MovieData.swift; sourceTree = "<group>"; };
		50F0AC772A2DE39A00ED6497 /* MovieItem.swift */ = {isa = PBXFileReference; lastKnownFileType = sourcecode.swift; path = MovieItem.swift; sourceTree = "<group>"; };
		50F0AC792A2DE43F00ED6497 /* MovieRow.swift */ = {isa = PBXFileReference; lastKnownFileType = sourcecode.swift; path = MovieRow.swift; sourceTree = "<group>"; };
		50F0AC7B2A2DE4DA00ED6497 /* MovieDetail.swift */ = {isa = PBXFileReference; lastKnownFileType = sourcecode.swift; path = MovieDetail.swift; sourceTree = "<group>"; };
		50F0AC7D2A2DE5E200ED6497 /* FeaturedMovieView.swift */ = {isa = PBXFileReference; lastKnownFileType = sourcecode.swift; path = FeaturedMovieView.swift; sourceTree = "<group>"; };
		50F0AC7F2A2DE6B800ED6497 /* HomeView.swift */ = {isa = PBXFileReference; lastKnownFileType = sourcecode.swift; path = HomeView.swift; sourceTree = "<group>"; };
		50F0AC822A2DE78000ED6497 /* PageViewController.swift */ = {isa = PBXFileReference; lastKnownFileType = sourcecode.swift; path = PageViewController.swift; sourceTree = "<group>"; };
		50F0AC842A2DE7C800ED6497 /* PageControl.swift */ = {isa = PBXFileReference; lastKnownFileType = sourcecode.swift; path = PageControl.swift; sourceTree = "<group>"; };
		50F0AC862A2DE7F700ED6497 /* PageView.swift */ = {isa = PBXFileReference; lastKnownFileType = sourcecode.swift; path = PageView.swift; sourceTree = "<group>"; };
		50F0AC882A2DE8C400ED6497 /* TrailerView.swift */ = {isa = PBXFileReference; lastKnownFileType = sourcecode.swift; path = TrailerView.swift; sourceTree = "<group>"; };
		50F0AC8A2A2DE8EE00ED6497 /* SafariView.swift */ = {isa = PBXFileReference; lastKnownFileType = sourcecode.swift; path = SafariView.swift; sourceTree = "<group>"; };
		50F0AC8E2A2DEA8F00ED6497 /* Constants.swift */ = {isa = PBXFileReference; lastKnownFileType = sourcecode.swift; path = Constants.swift; sourceTree = "<group>"; };
/* End PBXFileReference section */

/* Begin PBXFrameworksBuildPhase section */
		50F0AC3E2A2DE2B000ED6497 /* Frameworks */ = {
			isa = PBXFrameworksBuildPhase;
			buildActionMask = 2147483647;
			files = (
			);
			runOnlyForDeploymentPostprocessing = 0;
		};
		50F0AC4E2A2DE2B500ED6497 /* Frameworks */ = {
			isa = PBXFrameworksBuildPhase;
			buildActionMask = 2147483647;
			files = (
			);
			runOnlyForDeploymentPostprocessing = 0;
		};
		50F0AC582A2DE2B500ED6497 /* Frameworks */ = {
			isa = PBXFrameworksBuildPhase;
			buildActionMask = 2147483647;
			files = (
			);
			runOnlyForDeploymentPostprocessing = 0;
		};
/* End PBXFrameworksBuildPhase section */

/* Begin PBXGroup section */
		50F0AC382A2DE2B000ED6497 = {
			isa = PBXGroup;
			children = (
				50F0AC432A2DE2B000ED6497 /* MovieApp_SwiftUI */,
				50F0AC542A2DE2B500ED6497 /* MovieApp_SwiftUITests */,
				50F0AC5E2A2DE2B500ED6497 /* MovieApp_SwiftUIUITests */,
				50F0AC422A2DE2B000ED6497 /* Products */,
			);
			sourceTree = "<group>";
		};
		50F0AC422A2DE2B000ED6497 /* Products */ = {
			isa = PBXGroup;
			children = (
				50F0AC412A2DE2B000ED6497 /* MovieApp_SwiftUI.app */,
				50F0AC512A2DE2B500ED6497 /* MovieApp_SwiftUITests.xctest */,
				50F0AC5B2A2DE2B500ED6497 /* MovieApp_SwiftUIUITests.xctest */,
			);
			name = Products;
			sourceTree = "<group>";
		};
		50F0AC432A2DE2B000ED6497 /* MovieApp_SwiftUI */ = {
			isa = PBXGroup;
			children = (
				50F0AC442A2DE2B000ED6497 /* MovieApp_SwiftUIApp.swift */,
				50F0AC702A2DE2E500ED6497 /* Model */,
				50F0AC712A2DE2EC00ED6497 /* Views */,
				50F0AC812A2DE76C00ED6497 /* UIKIT Views */,
				50F0AC8D2A2DEA7600ED6497 /* Utilities */,
				50F0AC482A2DE2B500ED6497 /* Assets.xcassets */,
				50F0AC4A2A2DE2B500ED6497 /* Preview Content */,
			);
			path = MovieApp_SwiftUI;
			sourceTree = "<group>";
		};
		50F0AC4A2A2DE2B500ED6497 /* Preview Content */ = {
			isa = PBXGroup;
			children = (
				50F0AC4B2A2DE2B500ED6497 /* Preview Assets.xcassets */,
			);
			path = "Preview Content";
			sourceTree = "<group>";
		};
		50F0AC542A2DE2B500ED6497 /* MovieApp_SwiftUITests */ = {
			isa = PBXGroup;
			children = (
				50F0AC552A2DE2B500ED6497 /* MovieApp_SwiftUITests.swift */,
			);
			path = MovieApp_SwiftUITests;
			sourceTree = "<group>";
		};
		50F0AC5E2A2DE2B500ED6497 /* MovieApp_SwiftUIUITests */ = {
			isa = PBXGroup;
			children = (
				50F0AC5F2A2DE2B500ED6497 /* MovieApp_SwiftUIUITests.swift */,
				50F0AC612A2DE2B500ED6497 /* MovieApp_SwiftUIUITestsLaunchTests.swift */,
			);
			path = MovieApp_SwiftUIUITests;
			sourceTree = "<group>";
		};
		50F0AC702A2DE2E500ED6497 /* Model */ = {
			isa = PBXGroup;
			children = (
				50F0AC6E2A2DE2E100ED6497 /* movies.json */,
				50F0AC722A2DE30900ED6497 /* Movie.swift */,
				50F0AC742A2DE33400ED6497 /* MovieData.swift */,
			);
			path = Model;
			sourceTree = "<group>";
		};
		50F0AC712A2DE2EC00ED6497 /* Views */ = {
			isa = PBXGroup;
			children = (
				50F0AC462A2DE2B000ED6497 /* ContentView.swift */,
				50F0AC772A2DE39A00ED6497 /* MovieItem.swift */,
				50F0AC792A2DE43F00ED6497 /* MovieRow.swift */,
				50F0AC7B2A2DE4DA00ED6497 /* MovieDetail.swift */,
				50F0AC7D2A2DE5E200ED6497 /* FeaturedMovieView.swift */,
				50F0AC7F2A2DE6B800ED6497 /* HomeView.swift */,
				50F0AC862A2DE7F700ED6497 /* PageView.swift */,
				50F0AC8C2A2DE8F500ED6497 /* TrailerView */,
			);
			path = Views;
			sourceTree = "<group>";
		};
		50F0AC812A2DE76C00ED6497 /* UIKIT Views */ = {
			isa = PBXGroup;
			children = (
				50F0AC822A2DE78000ED6497 /* PageViewController.swift */,
				50F0AC842A2DE7C800ED6497 /* PageControl.swift */,
			);
			name = "UIKIT Views";
			sourceTree = "<group>";
		};
		50F0AC8C2A2DE8F500ED6497 /* TrailerView */ = {
			isa = PBXGroup;
			children = (
				50F0AC882A2DE8C400ED6497 /* TrailerView.swift */,
				50F0AC8A2A2DE8EE00ED6497 /* SafariView.swift */,
			);
			path = TrailerView;
			sourceTree = "<group>";
		};
		50F0AC8D2A2DEA7600ED6497 /* Utilities */ = {
			isa = PBXGroup;
			children = (
				50F0AC8E2A2DEA8F00ED6497 /* Constants.swift */,
			);
			name = Utilities;
			sourceTree = "<group>";
		};
/* End PBXGroup section */

/* Begin PBXNativeTarget section */
		50F0AC402A2DE2B000ED6497 /* MovieApp_SwiftUI */ = {
			isa = PBXNativeTarget;
			buildConfigurationList = 50F0AC652A2DE2B500ED6497 /* Build configuration list for PBXNativeTarget "MovieApp_SwiftUI" */;
			buildPhases = (
				50F0AC3D2A2DE2B000ED6497 /* Sources */,
				50F0AC3E2A2DE2B000ED6497 /* Frameworks */,
				50F0AC3F2A2DE2B000ED6497 /* Resources */,
			);
			buildRules = (
			);
			dependencies = (
			);
			name = MovieApp_SwiftUI;
			productName = MovieApp_SwiftUI;
			productReference = 50F0AC412A2DE2B000ED6497 /* MovieApp_SwiftUI.app */;
			productType = "com.apple.product-type.application";
		};
		50F0AC502A2DE2B500ED6497 /* MovieApp_SwiftUITests */ = {
			isa = PBXNativeTarget;
			buildConfigurationList = 50F0AC682A2DE2B500ED6497 /* Build configuration list for PBXNativeTarget "MovieApp_SwiftUITests" */;
			buildPhases = (
				50F0AC4D2A2DE2B500ED6497 /* Sources */,
				50F0AC4E2A2DE2B500ED6497 /* Frameworks */,
				50F0AC4F2A2DE2B500ED6497 /* Resources */,
			);
			buildRules = (
			);
			dependencies = (
				50F0AC532A2DE2B500ED6497 /* PBXTargetDependency */,
			);
			name = MovieApp_SwiftUITests;
			productName = MovieApp_SwiftUITests;
			productReference = 50F0AC512A2DE2B500ED6497 /* MovieApp_SwiftUITests.xctest */;
			productType = "com.apple.product-type.bundle.unit-test";
		};
		50F0AC5A2A2DE2B500ED6497 /* MovieApp_SwiftUIUITests */ = {
			isa = PBXNativeTarget;
			buildConfigurationList = 50F0AC6B2A2DE2B500ED6497 /* Build configuration list for PBXNativeTarget "MovieApp_SwiftUIUITests" */;
			buildPhases = (
				50F0AC572A2DE2B500ED6497 /* Sources */,
				50F0AC582A2DE2B500ED6497 /* Frameworks */,
				50F0AC592A2DE2B500ED6497 /* Resources */,
			);
			buildRules = (
			);
			dependencies = (
				50F0AC5D2A2DE2B500ED6497 /* PBXTargetDependency */,
			);
			name = MovieApp_SwiftUIUITests;
			productName = MovieApp_SwiftUIUITests;
			productReference = 50F0AC5B2A2DE2B500ED6497 /* MovieApp_SwiftUIUITests.xctest */;
			productType = "com.apple.product-type.bundle.ui-testing";
		};
/* End PBXNativeTarget section */

/* Begin PBXProject section */
		50F0AC392A2DE2B000ED6497 /* Project object */ = {
			isa = PBXProject;
			attributes = {
				BuildIndependentTargetsInParallel = 1;
				LastSwiftUpdateCheck = 1340;
				LastUpgradeCheck = 1340;
				TargetAttributes = {
					50F0AC402A2DE2B000ED6497 = {
						CreatedOnToolsVersion = 13.4.1;
					};
					50F0AC502A2DE2B500ED6497 = {
						CreatedOnToolsVersion = 13.4.1;
						TestTargetID = 50F0AC402A2DE2B000ED6497;
					};
					50F0AC5A2A2DE2B500ED6497 = {
						CreatedOnToolsVersion = 13.4.1;
						TestTargetID = 50F0AC402A2DE2B000ED6497;
					};
				};
			};
			buildConfigurationList = 50F0AC3C2A2DE2B000ED6497 /* Build configuration list for PBXProject "MovieApp_SwiftUI" */;
			compatibilityVersion = "Xcode 13.0";
			developmentRegion = en;
			hasScannedForEncodings = 0;
			knownRegions = (
				en,
				Base,
			);
			mainGroup = 50F0AC382A2DE2B000ED6497;
			productRefGroup = 50F0AC422A2DE2B000ED6497 /* Products */;
			projectDirPath = "";
			projectRoot = "";
			targets = (
				50F0AC402A2DE2B000ED6497 /* MovieApp_SwiftUI */,
				50F0AC502A2DE2B500ED6497 /* MovieApp_SwiftUITests */,
				50F0AC5A2A2DE2B500ED6497 /* MovieApp_SwiftUIUITests */,
			);
		};
/* End PBXProject section */

/* Begin PBXResourcesBuildPhase section */
		50F0AC3F2A2DE2B000ED6497 /* Resources */ = {
			isa = PBXResourcesBuildPhase;
			buildActionMask = 2147483647;
			files = (
				50F0AC6F2A2DE2E100ED6497 /* movies.json in Resources */,
				50F0AC4C2A2DE2B500ED6497 /* Preview Assets.xcassets in Resources */,
				50F0AC492A2DE2B500ED6497 /* Assets.xcassets in Resources */,
			);
			runOnlyForDeploymentPostprocessing = 0;
		};
		50F0AC4F2A2DE2B500ED6497 /* Resources */ = {
			isa = PBXResourcesBuildPhase;
			buildActionMask = 2147483647;
			files = (
			);
			runOnlyForDeploymentPostprocessing = 0;
		};
		50F0AC592A2DE2B500ED6497 /* Resources */ = {
			isa = PBXResourcesBuildPhase;
			buildActionMask = 2147483647;
			files = (
			);
			runOnlyForDeploymentPostprocessing = 0;
		};
/* End PBXResourcesBuildPhase section */

/* Begin PBXSourcesBuildPhase section */
		50F0AC3D2A2DE2B000ED6497 /* Sources */ = {
			isa = PBXSourcesBuildPhase;
			buildActionMask = 2147483647;
			files = (
				50F0AC802A2DE6B800ED6497 /* HomeView.swift in Sources */,
				50F0AC872A2DE7F700ED6497 /* PageView.swift in Sources */,
				50F0AC832A2DE78000ED6497 /* PageViewController.swift in Sources */,
				50F0AC752A2DE33400ED6497 /* MovieData.swift in Sources */,
				50F0AC7C2A2DE4DA00ED6497 /* MovieDetail.swift in Sources */,
				50F0AC8F2A2DEA8F00ED6497 /* Constants.swift in Sources */,
				50F0AC7A2A2DE43F00ED6497 /* MovieRow.swift in Sources */,
				50F0AC8B2A2DE8EE00ED6497 /* SafariView.swift in Sources */,
				50F0AC472A2DE2B000ED6497 /* ContentView.swift in Sources */,
				50F0AC452A2DE2B000ED6497 /* MovieApp_SwiftUIApp.swift in Sources */,
				50F0AC892A2DE8C400ED6497 /* TrailerView.swift in Sources */,
				50F0AC7E2A2DE5E200ED6497 /* FeaturedMovieView.swift in Sources */,
				50F0AC852A2DE7C800ED6497 /* PageControl.swift in Sources */,
				50F0AC782A2DE39A00ED6497 /* MovieItem.swift in Sources */,
				50F0AC732A2DE30900ED6497 /* Movie.swift in Sources */,
			);
			runOnlyForDeploymentPostprocessing = 0;
		};
		50F0AC4D2A2DE2B500ED6497 /* Sources */ = {
			isa = PBXSourcesBuildPhase;
			buildActionMask = 2147483647;
			files = (
				50F0AC562A2DE2B500ED6497 /* MovieApp_SwiftUITests.swift in Sources */,
			);
			runOnlyForDeploymentPostprocessing = 0;
		};
		50F0AC572A2DE2B500ED6497 /* Sources */ = {
			isa = PBXSourcesBuildPhase;
			buildActionMask = 2147483647;
			files = (
				50F0AC602A2DE2B500ED6497 /* MovieApp_SwiftUIUITests.swift in Sources */,
				50F0AC622A2DE2B500ED6497 /* MovieApp_SwiftUIUITestsLaunchTests.swift in Sources */,
			);
			runOnlyForDeploymentPostprocessing = 0;
		};
/* End PBXSourcesBuildPhase section */

/* Begin PBXTargetDependency section */
		50F0AC532A2DE2B500ED6497 /* PBXTargetDependency */ = {
			isa = PBXTargetDependency;
			target = 50F0AC402A2DE2B000ED6497 /* MovieApp_SwiftUI */;
			targetProxy = 50F0AC522A2DE2B500ED6497 /* PBXContainerItemProxy */;
		};
		50F0AC5D2A2DE2B500ED6497 /* PBXTargetDependency */ = {
			isa = PBXTargetDependency;
			target = 50F0AC402A2DE2B000ED6497 /* MovieApp_SwiftUI */;
			targetProxy = 50F0AC5C2A2DE2B500ED6497 /* PBXContainerItemProxy */;
		};
/* End PBXTargetDependency section */

/* Begin XCBuildConfiguration section */
		50F0AC632A2DE2B500ED6497 /* Debug */ = {
			isa = XCBuildConfiguration;
			buildSettings = {
				ALWAYS_SEARCH_USER_PATHS = NO;
				CLANG_ANALYZER_NONNULL = YES;
				CLANG_ANALYZER_NUMBER_OBJECT_CONVERSION = YES_AGGRESSIVE;
				CLANG_CXX_LANGUAGE_STANDARD = "gnu++17";
				CLANG_ENABLE_MODULES = YES;
				CLANG_ENABLE_OBJC_ARC = YES;
				CLANG_ENABLE_OBJC_WEAK = YES;
				CLANG_WARN_BLOCK_CAPTURE_AUTORELEASING = YES;
				CLANG_WARN_BOOL_CONVERSION = YES;
				CLANG_WARN_COMMA = YES;
				CLANG_WARN_CONSTANT_CONVERSION = YES;
				CLANG_WARN_DEPRECATED_OBJC_IMPLEMENTATIONS = YES;
				CLANG_WARN_DIRECT_OBJC_ISA_USAGE = YES_ERROR;
				CLANG_WARN_DOCUMENTATION_COMMENTS = YES;
				CLANG_WARN_EMPTY_BODY = YES;
				CLANG_WARN_ENUM_CONVERSION = YES;
				CLANG_WARN_INFINITE_RECURSION = YES;
				CLANG_WARN_INT_CONVERSION = YES;
				CLANG_WARN_NON_LITERAL_NULL_CONVERSION = YES;
				CLANG_WARN_OBJC_IMPLICIT_RETAIN_SELF = YES;
				CLANG_WARN_OBJC_LITERAL_CONVERSION = YES;
				CLANG_WARN_OBJC_ROOT_CLASS = YES_ERROR;
				CLANG_WARN_QUOTED_INCLUDE_IN_FRAMEWORK_HEADER = YES;
				CLANG_WARN_RANGE_LOOP_ANALYSIS = YES;
				CLANG_WARN_STRICT_PROTOTYPES = YES;
				CLANG_WARN_SUSPICIOUS_MOVE = YES;
				CLANG_WARN_UNGUARDED_AVAILABILITY = YES_AGGRESSIVE;
				CLANG_WARN_UNREACHABLE_CODE = YES;
				CLANG_WARN__DUPLICATE_METHOD_MATCH = YES;
				COPY_PHASE_STRIP = NO;
				DEBUG_INFORMATION_FORMAT = dwarf;
				ENABLE_STRICT_OBJC_MSGSEND = YES;
				ENABLE_TESTABILITY = YES;
				GCC_C_LANGUAGE_STANDARD = gnu11;
				GCC_DYNAMIC_NO_PIC = NO;
				GCC_NO_COMMON_BLOCKS = YES;
				GCC_OPTIMIZATION_LEVEL = 0;
				GCC_PREPROCESSOR_DEFINITIONS = (
					"DEBUG=1",
					"$(inherited)",
				);
				GCC_WARN_64_TO_32_BIT_CONVERSION = YES;
				GCC_WARN_ABOUT_RETURN_TYPE = YES_ERROR;
				GCC_WARN_UNDECLARED_SELECTOR = YES;
				GCC_WARN_UNINITIALIZED_AUTOS = YES_AGGRESSIVE;
				GCC_WARN_UNUSED_FUNCTION = YES;
				GCC_WARN_UNUSED_VARIABLE = YES;
				IPHONEOS_DEPLOYMENT_TARGET = 15.5;
				MTL_ENABLE_DEBUG_INFO = INCLUDE_SOURCE;
				MTL_FAST_MATH = YES;
				ONLY_ACTIVE_ARCH = YES;
				SDKROOT = iphoneos;
				SWIFT_ACTIVE_COMPILATION_CONDITIONS = DEBUG;
				SWIFT_OPTIMIZATION_LEVEL = "-Onone";
			};
			name = Debug;
		};
		50F0AC642A2DE2B500ED6497 /* Release */ = {
			isa = XCBuildConfiguration;
			buildSettings = {
				ALWAYS_SEARCH_USER_PATHS = NO;
				CLANG_ANALYZER_NONNULL = YES;
				CLANG_ANALYZER_NUMBER_OBJECT_CONVERSION = YES_AGGRESSIVE;
				CLANG_CXX_LANGUAGE_STANDARD = "gnu++17";
				CLANG_ENABLE_MODULES = YES;
				CLANG_ENABLE_OBJC_ARC = YES;
				CLANG_ENABLE_OBJC_WEAK = YES;
				CLANG_WARN_BLOCK_CAPTURE_AUTORELEASING = YES;
				CLANG_WARN_BOOL_CONVERSION = YES;
				CLANG_WARN_COMMA = YES;
				CLANG_WARN_CONSTANT_CONVERSION = YES;
				CLANG_WARN_DEPRECATED_OBJC_IMPLEMENTATIONS = YES;
				CLANG_WARN_DIRECT_OBJC_ISA_USAGE = YES_ERROR;
				CLANG_WARN_DOCUMENTATION_COMMENTS = YES;
				CLANG_WARN_EMPTY_BODY = YES;
				CLANG_WARN_ENUM_CONVERSION = YES;
				CLANG_WARN_INFINITE_RECURSION = YES;
				CLANG_WARN_INT_CONVERSION = YES;
				CLANG_WARN_NON_LITERAL_NULL_CONVERSION = YES;
				CLANG_WARN_OBJC_IMPLICIT_RETAIN_SELF = YES;
				CLANG_WARN_OBJC_LITERAL_CONVERSION = YES;
				CLANG_WARN_OBJC_ROOT_CLASS = YES_ERROR;
				CLANG_WARN_QUOTED_INCLUDE_IN_FRAMEWORK_HEADER = YES;
				CLANG_WARN_RANGE_LOOP_ANALYSIS = YES;
				CLANG_WARN_STRICT_PROTOTYPES = YES;
				CLANG_WARN_SUSPICIOUS_MOVE = YES;
				CLANG_WARN_UNGUARDED_AVAILABILITY = YES_AGGRESSIVE;
				CLANG_WARN_UNREACHABLE_CODE = YES;
				CLANG_WARN__DUPLICATE_METHOD_MATCH = YES;
				COPY_PHASE_STRIP = NO;
				DEBUG_INFORMATION_FORMAT = "dwarf-with-dsym";
				ENABLE_NS_ASSERTIONS = NO;
				ENABLE_STRICT_OBJC_MSGSEND = YES;
				GCC_C_LANGUAGE_STANDARD = gnu11;
				GCC_NO_COMMON_BLOCKS = YES;
				GCC_WARN_64_TO_32_BIT_CONVERSION = YES;
				GCC_WARN_ABOUT_RETURN_TYPE = YES_ERROR;
				GCC_WARN_UNDECLARED_SELECTOR = YES;
				GCC_WARN_UNINITIALIZED_AUTOS = YES_AGGRESSIVE;
				GCC_WARN_UNUSED_FUNCTION = YES;
				GCC_WARN_UNUSED_VARIABLE = YES;
				IPHONEOS_DEPLOYMENT_TARGET = 15.5;
				MTL_ENABLE_DEBUG_INFO = NO;
				MTL_FAST_MATH = YES;
				SDKROOT = iphoneos;
				SWIFT_COMPILATION_MODE = wholemodule;
				SWIFT_OPTIMIZATION_LEVEL = "-O";
				VALIDATE_PRODUCT = YES;
			};
			name = Release;
		};
		50F0AC662A2DE2B500ED6497 /* Debug */ = {
			isa = XCBuildConfiguration;
			buildSettings = {
				ASSETCATALOG_COMPILER_APPICON_NAME = AppIcon;
				ASSETCATALOG_COMPILER_GLOBAL_ACCENT_COLOR_NAME = AccentColor;
				CODE_SIGN_STYLE = Automatic;
				CURRENT_PROJECT_VERSION = 1;
				DEVELOPMENT_ASSET_PATHS = "\"MovieApp_SwiftUI/Preview Content\"";
				ENABLE_PREVIEWS = YES;
				GENERATE_INFOPLIST_FILE = YES;
				INFOPLIST_KEY_UIApplicationSceneManifest_Generation = YES;
				INFOPLIST_KEY_UIApplicationSupportsIndirectInputEvents = YES;
				INFOPLIST_KEY_UILaunchScreen_Generation = YES;
				INFOPLIST_KEY_UISupportedInterfaceOrientations_iPad = "UIInterfaceOrientationPortrait UIInterfaceOrientationPortraitUpsideDown UIInterfaceOrientationLandscapeLeft UIInterfaceOrientationLandscapeRight";
				INFOPLIST_KEY_UISupportedInterfaceOrientations_iPhone = "UIInterfaceOrientationPortrait UIInterfaceOrientationLandscapeLeft UIInterfaceOrientationLandscapeRight";
				LD_RUNPATH_SEARCH_PATHS = (
					"$(inherited)",
					"@executable_path/Frameworks",
				);
				MARKETING_VERSION = 1.0;
				PRODUCT_BUNDLE_IDENTIFIER = "Kah-Services.MovieApp-SwiftUI";
				PRODUCT_NAME = "$(TARGET_NAME)";
				SWIFT_EMIT_LOC_STRINGS = YES;
				SWIFT_VERSION = 5.0;
				TARGETED_DEVICE_FAMILY = "1,2";
			};
			name = Debug;
		};
		50F0AC672A2DE2B500ED6497 /* Release */ = {
			isa = XCBuildConfiguration;
			buildSettings = {
				ASSETCATALOG_COMPILER_APPICON_NAME = AppIcon;
				ASSETCATALOG_COMPILER_GLOBAL_ACCENT_COLOR_NAME = AccentColor;
				CODE_SIGN_STYLE = Automatic;
				CURRENT_PROJECT_VERSION = 1;
				DEVELOPMENT_ASSET_PATHS = "\"MovieApp_SwiftUI/Preview Content\"";
				ENABLE_PREVIEWS = YES;
				GENERATE_INFOPLIST_FILE = YES;
				INFOPLIST_KEY_UIApplicationSceneManifest_Generation = YES;
				INFOPLIST_KEY_UIApplicationSupportsIndirectInputEvents = YES;
				INFOPLIST_KEY_UILaunchScreen_Generation = YES;
				INFOPLIST_KEY_UISupportedInterfaceOrientations_iPad = "UIInterfaceOrientationPortrait UIInterfaceOrientationPortraitUpsideDown UIInterfaceOrientationLandscapeLeft UIInterfaceOrientationLandscapeRight";
				INFOPLIST_KEY_UISupportedInterfaceOrientations_iPhone = "UIInterfaceOrientationPortrait UIInterfaceOrientationLandscapeLeft UIInterfaceOrientationLandscapeRight";
				LD_RUNPATH_SEARCH_PATHS = (
					"$(inherited)",
					"@executable_path/Frameworks",
				);
				MARKETING_VERSION = 1.0;
				PRODUCT_BUNDLE_IDENTIFIER = "Kah-Services.MovieApp-SwiftUI";
				PRODUCT_NAME = "$(TARGET_NAME)";
				SWIFT_EMIT_LOC_STRINGS = YES;
				SWIFT_VERSION = 5.0;
				TARGETED_DEVICE_FAMILY = "1,2";
			};
			name = Release;
		};
		50F0AC692A2DE2B500ED6497 /* Debug */ = {
			isa = XCBuildConfiguration;
			buildSettings = {
				ALWAYS_EMBED_SWIFT_STANDARD_LIBRARIES = YES;
				BUNDLE_LOADER = "$(TEST_HOST)";
				CODE_SIGN_STYLE = Automatic;
				CURRENT_PROJECT_VERSION = 1;
				GENERATE_INFOPLIST_FILE = YES;
				IPHONEOS_DEPLOYMENT_TARGET = 15.5;
				MARKETING_VERSION = 1.0;
				PRODUCT_BUNDLE_IDENTIFIER = "Kah-Services.MovieApp-SwiftUITests";
				PRODUCT_NAME = "$(TARGET_NAME)";
				SWIFT_EMIT_LOC_STRINGS = NO;
				SWIFT_VERSION = 5.0;
				TARGETED_DEVICE_FAMILY = "1,2";
				TEST_HOST = "$(BUILT_PRODUCTS_DIR)/MovieApp_SwiftUI.app/MovieApp_SwiftUI";
			};
			name = Debug;
		};
		50F0AC6A2A2DE2B500ED6497 /* Release */ = {
			isa = XCBuildConfiguration;
			buildSettings = {
				ALWAYS_EMBED_SWIFT_STANDARD_LIBRARIES = YES;
				BUNDLE_LOADER = "$(TEST_HOST)";
				CODE_SIGN_STYLE = Automatic;
				CURRENT_PROJECT_VERSION = 1;
				GENERATE_INFOPLIST_FILE = YES;
				IPHONEOS_DEPLOYMENT_TARGET = 15.5;
				MARKETING_VERSION = 1.0;
				PRODUCT_BUNDLE_IDENTIFIER = "Kah-Services.MovieApp-SwiftUITests";
				PRODUCT_NAME = "$(TARGET_NAME)";
				SWIFT_EMIT_LOC_STRINGS = NO;
				SWIFT_VERSION = 5.0;
				TARGETED_DEVICE_FAMILY = "1,2";
				TEST_HOST = "$(BUILT_PRODUCTS_DIR)/MovieApp_SwiftUI.app/MovieApp_SwiftUI";
			};
			name = Release;
		};
		50F0AC6C2A2DE2B500ED6497 /* Debug */ = {
			isa = XCBuildConfiguration;
			buildSettings = {
				ALWAYS_EMBED_SWIFT_STANDARD_LIBRARIES = YES;
				CODE_SIGN_STYLE = Automatic;
				CURRENT_PROJECT_VERSION = 1;
				GENERATE_INFOPLIST_FILE = YES;
				MARKETING_VERSION = 1.0;
				PRODUCT_BUNDLE_IDENTIFIER = "Kah-Services.MovieApp-SwiftUIUITests";
				PRODUCT_NAME = "$(TARGET_NAME)";
				SWIFT_EMIT_LOC_STRINGS = NO;
				SWIFT_VERSION = 5.0;
				TARGETED_DEVICE_FAMILY = "1,2";
				TEST_TARGET_NAME = MovieApp_SwiftUI;
			};
			name = Debug;
		};
		50F0AC6D2A2DE2B500ED6497 /* Release */ = {
			isa = XCBuildConfiguration;
			buildSettings = {
				ALWAYS_EMBED_SWIFT_STANDARD_LIBRARIES = YES;
				CODE_SIGN_STYLE = Automatic;
				CURRENT_PROJECT_VERSION = 1;
				GENERATE_INFOPLIST_FILE = YES;
				MARKETING_VERSION = 1.0;
				PRODUCT_BUNDLE_IDENTIFIER = "Kah-Services.MovieApp-SwiftUIUITests";
				PRODUCT_NAME = "$(TARGET_NAME)";
				SWIFT_EMIT_LOC_STRINGS = NO;
				SWIFT_VERSION = 5.0;
				TARGETED_DEVICE_FAMILY = "1,2";
				TEST_TARGET_NAME = MovieApp_SwiftUI;
			};
			name = Release;
		};
/* End XCBuildConfiguration section */

/* Begin XCConfigurationList section */
		50F0AC3C2A2DE2B000ED6497 /* Build configuration list for PBXProject "MovieApp_SwiftUI" */ = {
			isa = XCConfigurationList;
			buildConfigurations = (
				50F0AC632A2DE2B500ED6497 /* Debug */,
				50F0AC642A2DE2B500ED6497 /* Release */,
			);
			defaultConfigurationIsVisible = 0;
			defaultConfigurationName = Release;
		};
		50F0AC652A2DE2B500ED6497 /* Build configuration list for PBXNativeTarget "MovieApp_SwiftUI" */ = {
			isa = XCConfigurationList;
			buildConfigurations = (
				50F0AC662A2DE2B500ED6497 /* Debug */,
				50F0AC672A2DE2B500ED6497 /* Release */,
			);
			defaultConfigurationIsVisible = 0;
			defaultConfigurationName = Release;
		};
		50F0AC682A2DE2B500ED6497 /* Build configuration list for PBXNativeTarget "MovieApp_SwiftUITests" */ = {
			isa = XCConfigurationList;
			buildConfigurations = (
				50F0AC692A2DE2B500ED6497 /* Debug */,
				50F0AC6A2A2DE2B500ED6497 /* Release */,
			);
			defaultConfigurationIsVisible = 0;
			defaultConfigurationName = Release;
		};
		50F0AC6B2A2DE2B500ED6497 /* Build configuration list for PBXNativeTarget "MovieApp_SwiftUIUITests" */ = {
			isa = XCConfigurationList;
			buildConfigurations = (
				50F0AC6C2A2DE2B500ED6497 /* Debug */,
				50F0AC6D2A2DE2B500ED6497 /* Release */,
			);
			defaultConfigurationIsVisible = 0;
			defaultConfigurationName = Release;
		};
/* End XCConfigurationList section */
	};
	rootObject = 50F0AC392A2DE2B000ED6497 /* Project object */;
}
